
Microsoft Visual Studio Solution File, Format Version 12.00
# Visual Studio Version 17
VisualStudioVersion = 17.10.35122.118
MinimumVisualStudioVersion = 10.0.40219.1
Project("{2150E333-8FDC-42A3-9474-1A3956D46DE8}") = "Solution Items", "Solution Items", "{8621F951-D30C-42A1-A989-3F9509FD9C3B}"
	ProjectSection(SolutionItems) = preProject
		.gitignore = .gitignore
		Build\Build.Configuration.cs = Build\Build.Configuration.cs
		Changelog.md = Changelog.md
		Readme.md = Readme.md
	EndProjectSection
EndProject
Project("{9A19103F-16F7-4668-BE54-9A1E7A4F7556}") = "Build", "build\Build.csproj", "{650C0DA8-C80E-435A-AD49-0819A43E7CF8}"
EndProject
Project("{9A19103F-16F7-4668-BE54-9A1E7A4F7556}") = "Installer", "install\Installer.csproj", "{FB3A0C8A-A93A-4237-B153-426481D99728}"
EndProject
Project("{FAE04EC0-301F-11D3-BF4B-00C04F79EFBC}") = "RevitAddinApp", "RevitAddinApp\RevitAddinApp.csproj", "{2DD5D408-F3C5-4C80-A9D8-C89638B0E2D0}"
EndProject
Project("{FAE04EC0-301F-11D3-BF4B-00C04F79EFBC}") = "Helpers", "Helpers\Helpers.csproj", "{92EFA9F3-5CB9-4B6F-8DBD-F813FB5BE05D}"
EndProject
Global
	GlobalSection(SolutionConfigurationPlatforms) = preSolution
		Debug R20|Any CPU = Debug R20|Any CPU
		Debug R21|Any CPU = Debug R21|Any CPU
		Debug R22|Any CPU = Debug R22|Any CPU
		Debug R23|Any CPU = Debug R23|Any CPU
		Debug R24|Any CPU = Debug R24|Any CPU
		Debug R25|Any CPU = Debug R25|Any CPU
		Debug|Any CPU = Debug|Any CPU
		Installer|Any CPU = Installer|Any CPU
		Release R20|Any CPU = Release R20|Any CPU
		Release R21|Any CPU = Release R21|Any CPU
		Release R22|Any CPU = Release R22|Any CPU
		Release R23|Any CPU = Release R23|Any CPU
		Release R24|Any CPU = Release R24|Any CPU
		Release R25|Any CPU = Release R25|Any CPU
		Release|Any CPU = Release|Any CPU
	EndGlobalSection
	GlobalSection(ProjectConfigurationPlatforms) = postSolution
		{650C0DA8-C80E-435A-AD49-0819A43E7CF8}.Debug R20|Any CPU.ActiveCfg = Debug|Any CPU
		{650C0DA8-C80E-435A-AD49-0819A43E7CF8}.Debug R21|Any CPU.ActiveCfg = Debug|Any CPU
		{650C0DA8-C80E-435A-AD49-0819A43E7CF8}.Debug R22|Any CPU.ActiveCfg = Debug|Any CPU
		{650C0DA8-C80E-435A-AD49-0819A43E7CF8}.Debug R23|Any CPU.ActiveCfg = Debug|Any CPU
		{650C0DA8-C80E-435A-AD49-0819A43E7CF8}.Debug R24|Any CPU.ActiveCfg = Debug|Any CPU
		{650C0DA8-C80E-435A-AD49-0819A43E7CF8}.Debug R25|Any CPU.ActiveCfg = Debug|Any CPU
		{650C0DA8-C80E-435A-AD49-0819A43E7CF8}.Debug|Any CPU.ActiveCfg = Debug|Any CPU
		{650C0DA8-C80E-435A-AD49-0819A43E7CF8}.Debug|Any CPU.Build.0 = Debug|Any CPU
		{650C0DA8-C80E-435A-AD49-0819A43E7CF8}.Installer|Any CPU.ActiveCfg = Release|Any CPU
		{650C0DA8-C80E-435A-AD49-0819A43E7CF8}.Release R20|Any CPU.ActiveCfg = Release|Any CPU
		{650C0DA8-C80E-435A-AD49-0819A43E7CF8}.Release R21|Any CPU.ActiveCfg = Release|Any CPU
		{650C0DA8-C80E-435A-AD49-0819A43E7CF8}.Release R22|Any CPU.ActiveCfg = Release|Any CPU
		{650C0DA8-C80E-435A-AD49-0819A43E7CF8}.Release R23|Any CPU.ActiveCfg = Release|Any CPU
		{650C0DA8-C80E-435A-AD49-0819A43E7CF8}.Release R24|Any CPU.ActiveCfg = Release|Any CPU
		{650C0DA8-C80E-435A-AD49-0819A43E7CF8}.Release R25|Any CPU.ActiveCfg = Release|Any CPU
		{650C0DA8-C80E-435A-AD49-0819A43E7CF8}.Release|Any CPU.ActiveCfg = Release|Any CPU
		{650C0DA8-C80E-435A-AD49-0819A43E7CF8}.Release|Any CPU.Build.0 = Release|Any CPU
		{FB3A0C8A-A93A-4237-B153-426481D99728}.Debug R20|Any CPU.ActiveCfg = Debug|Any CPU
		{FB3A0C8A-A93A-4237-B153-426481D99728}.Debug R21|Any CPU.ActiveCfg = Debug|Any CPU
		{FB3A0C8A-A93A-4237-B153-426481D99728}.Debug R22|Any CPU.ActiveCfg = Debug|Any CPU
		{FB3A0C8A-A93A-4237-B153-426481D99728}.Debug R23|Any CPU.ActiveCfg = Debug|Any CPU
		{FB3A0C8A-A93A-4237-B153-426481D99728}.Debug R24|Any CPU.ActiveCfg = Debug|Any CPU
		{FB3A0C8A-A93A-4237-B153-426481D99728}.Debug R25|Any CPU.ActiveCfg = Debug|Any CPU
		{FB3A0C8A-A93A-4237-B153-426481D99728}.Debug|Any CPU.ActiveCfg = Debug|Any CPU
		{FB3A0C8A-A93A-4237-B153-426481D99728}.Debug|Any CPU.Build.0 = Debug|Any CPU
		{FB3A0C8A-A93A-4237-B153-426481D99728}.Installer|Any CPU.ActiveCfg = Release|Any CPU
		{FB3A0C8A-A93A-4237-B153-426481D99728}.Installer|Any CPU.Build.0 = Release|Any CPU
		{FB3A0C8A-A93A-4237-B153-426481D99728}.Release R20|Any CPU.ActiveCfg = Release|Any CPU
		{FB3A0C8A-A93A-4237-B153-426481D99728}.Release R21|Any CPU.ActiveCfg = Release|Any CPU
		{FB3A0C8A-A93A-4237-B153-426481D99728}.Release R22|Any CPU.ActiveCfg = Release|Any CPU
		{FB3A0C8A-A93A-4237-B153-426481D99728}.Release R23|Any CPU.ActiveCfg = Release|Any CPU
		{FB3A0C8A-A93A-4237-B153-426481D99728}.Release R24|Any CPU.ActiveCfg = Release|Any CPU
		{FB3A0C8A-A93A-4237-B153-426481D99728}.Release R25|Any CPU.ActiveCfg = Release|Any CPU
		{FB3A0C8A-A93A-4237-B153-426481D99728}.Release|Any CPU.ActiveCfg = Release|Any CPU
		{FB3A0C8A-A93A-4237-B153-426481D99728}.Release|Any CPU.Build.0 = Release|Any CPU
		{2DD5D408-F3C5-4C80-A9D8-C89638B0E2D0}.Debug R20|Any CPU.ActiveCfg = Debug R20|Any CPU
		{2DD5D408-F3C5-4C80-A9D8-C89638B0E2D0}.Debug R20|Any CPU.Build.0 = Debug R20|Any CPU
		{2DD5D408-F3C5-4C80-A9D8-C89638B0E2D0}.Debug R21|Any CPU.ActiveCfg = Debug R21|Any CPU
		{2DD5D408-F3C5-4C80-A9D8-C89638B0E2D0}.Debug R21|Any CPU.Build.0 = Debug R21|Any CPU
		{2DD5D408-F3C5-4C80-A9D8-C89638B0E2D0}.Debug R22|Any CPU.ActiveCfg = Debug R22|Any CPU
		{2DD5D408-F3C5-4C80-A9D8-C89638B0E2D0}.Debug R22|Any CPU.Build.0 = Debug R22|Any CPU
		{2DD5D408-F3C5-4C80-A9D8-C89638B0E2D0}.Debug R23|Any CPU.ActiveCfg = Debug R23|Any CPU
		{2DD5D408-F3C5-4C80-A9D8-C89638B0E2D0}.Debug R23|Any CPU.Build.0 = Debug R23|Any CPU
		{2DD5D408-F3C5-4C80-A9D8-C89638B0E2D0}.Debug R24|Any CPU.ActiveCfg = Debug R24|Any CPU
		{2DD5D408-F3C5-4C80-A9D8-C89638B0E2D0}.Debug R24|Any CPU.Build.0 = Debug R24|Any CPU
		{2DD5D408-F3C5-4C80-A9D8-C89638B0E2D0}.Debug R25|Any CPU.ActiveCfg = Debug R25|Any CPU
		{2DD5D408-F3C5-4C80-A9D8-C89638B0E2D0}.Debug R25|Any CPU.Build.0 = Debug R25|Any CPU
		{2DD5D408-F3C5-4C80-A9D8-C89638B0E2D0}.Debug|Any CPU.ActiveCfg = Debug R20|Any CPU
		{2DD5D408-F3C5-4C80-A9D8-C89638B0E2D0}.Debug|Any CPU.Build.0 = Debug R20|Any CPU
		{2DD5D408-F3C5-4C80-A9D8-C89638B0E2D0}.Installer|Any CPU.ActiveCfg = Debug R20|Any CPU
		{2DD5D408-F3C5-4C80-A9D8-C89638B0E2D0}.Installer|Any CPU.Build.0 = Debug R20|Any CPU
		{2DD5D408-F3C5-4C80-A9D8-C89638B0E2D0}.Release R20|Any CPU.ActiveCfg = Release R20|Any CPU
		{2DD5D408-F3C5-4C80-A9D8-C89638B0E2D0}.Release R20|Any CPU.Build.0 = Release R20|Any CPU
		{2DD5D408-F3C5-4C80-A9D8-C89638B0E2D0}.Release R21|Any CPU.ActiveCfg = Release R21|Any CPU
		{2DD5D408-F3C5-4C80-A9D8-C89638B0E2D0}.Release R21|Any CPU.Build.0 = Release R21|Any CPU
		{2DD5D408-F3C5-4C80-A9D8-C89638B0E2D0}.Release R22|Any CPU.ActiveCfg = Release R22|Any CPU
		{2DD5D408-F3C5-4C80-A9D8-C89638B0E2D0}.Release R22|Any CPU.Build.0 = Release R22|Any CPU
		{2DD5D408-F3C5-4C80-A9D8-C89638B0E2D0}.Release R23|Any CPU.ActiveCfg = Release R23|Any CPU
		{2DD5D408-F3C5-4C80-A9D8-C89638B0E2D0}.Release R23|Any CPU.Build.0 = Release R23|Any CPU
		{2DD5D408-F3C5-4C80-A9D8-C89638B0E2D0}.Release R24|Any CPU.ActiveCfg = Release R24|Any CPU
		{2DD5D408-F3C5-4C80-A9D8-C89638B0E2D0}.Release R24|Any CPU.Build.0 = Release R24|Any CPU
		{2DD5D408-F3C5-4C80-A9D8-C89638B0E2D0}.Release R25|Any CPU.ActiveCfg = Release R25|Any CPU
		{2DD5D408-F3C5-4C80-A9D8-C89638B0E2D0}.Release R25|Any CPU.Build.0 = Release R25|Any CPU
		{2DD5D408-F3C5-4C80-A9D8-C89638B0E2D0}.Release|Any CPU.ActiveCfg = Release R20|Any CPU
		{2DD5D408-F3C5-4C80-A9D8-C89638B0E2D0}.Release|Any CPU.Build.0 = Release R20|Any CPU
		{92EFA9F3-5CB9-4B6F-8DBD-F813FB5BE05D}.Debug R20|Any CPU.ActiveCfg = Debug 2020|x64
		{92EFA9F3-5CB9-4B6F-8DBD-F813FB5BE05D}.Debug R20|Any CPU.Build.0 = Debug 2020|x64
		{92EFA9F3-5CB9-4B6F-8DBD-F813FB5BE05D}.Debug R21|Any CPU.ActiveCfg = Debug 2020|x64
		{92EFA9F3-5CB9-4B6F-8DBD-F813FB5BE05D}.Debug R21|Any CPU.Build.0 = Debug 2020|x64
		{92EFA9F3-5CB9-4B6F-8DBD-F813FB5BE05D}.Debug R22|Any CPU.ActiveCfg = Debug 2020|x64
		{92EFA9F3-5CB9-4B6F-8DBD-F813FB5BE05D}.Debug R22|Any CPU.Build.0 = Debug 2020|x64
		{92EFA9F3-5CB9-4B6F-8DBD-F813FB5BE05D}.Debug R23|Any CPU.ActiveCfg = Debug 2020|x64
		{92EFA9F3-5CB9-4B6F-8DBD-F813FB5BE05D}.Debug R23|Any CPU.Build.0 = Debug 2020|x64
		{92EFA9F3-5CB9-4B6F-8DBD-F813FB5BE05D}.Debug R24|Any CPU.ActiveCfg = Debug 2020|x64
		{92EFA9F3-5CB9-4B6F-8DBD-F813FB5BE05D}.Debug R24|Any CPU.Build.0 = Debug 2020|x64
		{92EFA9F3-5CB9-4B6F-8DBD-F813FB5BE05D}.Debug R25|Any CPU.ActiveCfg = Debug 2020|x64
		{92EFA9F3-5CB9-4B6F-8DBD-F813FB5BE05D}.Debug R25|Any CPU.Build.0 = Debug 2020|x64
		{92EFA9F3-5CB9-4B6F-8DBD-F813FB5BE05D}.Debug|Any CPU.ActiveCfg = Debug 2020|x64
		{92EFA9F3-5CB9-4B6F-8DBD-F813FB5BE05D}.Debug|Any CPU.Build.0 = Debug 2020|x64
		{92EFA9F3-5CB9-4B6F-8DBD-F813FB5BE05D}.Installer|Any CPU.ActiveCfg = Debug 2020|x64
		{92EFA9F3-5CB9-4B6F-8DBD-F813FB5BE05D}.Installer|Any CPU.Build.0 = Debug 2020|x64
		{92EFA9F3-5CB9-4B6F-8DBD-F813FB5BE05D}.Release R20|Any CPU.ActiveCfg = Debug 2020|x64
		{92EFA9F3-5CB9-4B6F-8DBD-F813FB5BE05D}.Release R20|Any CPU.Build.0 = Debug 2020|x64
		{92EFA9F3-5CB9-4B6F-8DBD-F813FB5BE05D}.Release R21|Any CPU.ActiveCfg = Debug 2020|x64
		{92EFA9F3-5CB9-4B6F-8DBD-F813FB5BE05D}.Release R21|Any CPU.Build.0 = Debug 2020|x64
		{92EFA9F3-5CB9-4B6F-8DBD-F813FB5BE05D}.Release R22|Any CPU.ActiveCfg = Debug 2020|x64
		{92EFA9F3-5CB9-4B6F-8DBD-F813FB5BE05D}.Release R22|Any CPU.Build.0 = Debug 2020|x64
		{92EFA9F3-5CB9-4B6F-8DBD-F813FB5BE05D}.Release R23|Any CPU.ActiveCfg = Debug 2020|x64
		{92EFA9F3-5CB9-4B6F-8DBD-F813FB5BE05D}.Release R23|Any CPU.Build.0 = Debug 2020|x64
		{92EFA9F3-5CB9-4B6F-8DBD-F813FB5BE05D}.Release R24|Any CPU.ActiveCfg = Debug 2020|x64
		{92EFA9F3-5CB9-4B6F-8DBD-F813FB5BE05D}.Release R24|Any CPU.Build.0 = Debug 2020|x64
		{92EFA9F3-5CB9-4B6F-8DBD-F813FB5BE05D}.Release R25|Any CPU.ActiveCfg = Debug 2020|x64
		{92EFA9F3-5CB9-4B6F-8DBD-F813FB5BE05D}.Release R25|Any CPU.Build.0 = Debug 2020|x64
		{92EFA9F3-5CB9-4B6F-8DBD-F813FB5BE05D}.Release|Any CPU.ActiveCfg = Debug 2020|x64
		{92EFA9F3-5CB9-4B6F-8DBD-F813FB5BE05D}.Release|Any CPU.Build.0 = Debug 2020|x64
	EndGlobalSection
	GlobalSection(SolutionProperties) = preSolution
		HideSolutionNode = FALSE
	EndGlobalSection
	GlobalSection(ExtensibilityGlobals) = postSolution
		SolutionGuid = {9A1397D9-EECD-4A0B-9962-19C84C96CED3}
	EndGlobalSection
EndGlobal
